// !$*UTF8*$!
{
	archiveVersion = 1;
	classes = {
	};
	objectVersion = 51;
	objects = {

/* Begin PBXBuildFile section */
		5EAC12F023054B5F005472A4 /* AppDelegate.swift in Sources */ = {isa = PBXBuildFile; fileRef = 5EAC12EF23054B5F005472A4 /* AppDelegate.swift */; };
		5EAC12F223054B5F005472A4 /* ViewController.swift in Sources */ = {isa = PBXBuildFile; fileRef = 5EAC12F123054B5F005472A4 /* ViewController.swift */; };
		5EAC12F523054B5F005472A4 /* Main.storyboard in Resources */ = {isa = PBXBuildFile; fileRef = 5EAC12F323054B5F005472A4 /* Main.storyboard */; };
		5EAC12F723054B6C005472A4 /* Assets.xcassets in Resources */ = {isa = PBXBuildFile; fileRef = 5EAC12F623054B6C005472A4 /* Assets.xcassets */; };
		5EAC12FA23054B6C005472A4 /* LaunchScreen.storyboard in Resources */ = {isa = PBXBuildFile; fileRef = 5EAC12F823054B6C005472A4 /* LaunchScreen.storyboard */; };
		5EAC130223057051005472A4 /* GoogleService-Info.plist in Resources */ = {isa = PBXBuildFile; fileRef = 5EAC130123057051005472A4 /* GoogleService-Info.plist */; };
		B8CD9C37A83826185BC39317 /* Pods_IFeedU.framework in Frameworks */ = {isa = PBXBuildFile; fileRef = 3334F5ECFBD6210AAF46F64B /* Pods_IFeedU.framework */; };
/* End PBXBuildFile section */

/* Begin PBXFileReference section */
		16A56D470C7CA4D9112EEB8F /* Pods-IFeedU.debug.xcconfig */ = {isa = PBXFileReference; includeInIndex = 1; lastKnownFileType = text.xcconfig; name = "Pods-IFeedU.debug.xcconfig"; path = "Target Support Files/Pods-IFeedU/Pods-IFeedU.debug.xcconfig"; sourceTree = "<group>"; };
		3334F5ECFBD6210AAF46F64B /* Pods_IFeedU.framework */ = {isa = PBXFileReference; explicitFileType = wrapper.framework; includeInIndex = 0; path = Pods_IFeedU.framework; sourceTree = BUILT_PRODUCTS_DIR; };
		5EAC12EC23054B5F005472A4 /* IFeedU.app */ = {isa = PBXFileReference; explicitFileType = wrapper.application; includeInIndex = 0; path = IFeedU.app; sourceTree = BUILT_PRODUCTS_DIR; };
		5EAC12EF23054B5F005472A4 /* AppDelegate.swift */ = {isa = PBXFileReference; lastKnownFileType = sourcecode.swift; path = AppDelegate.swift; sourceTree = "<group>"; };
		5EAC12F123054B5F005472A4 /* ViewController.swift */ = {isa = PBXFileReference; lastKnownFileType = sourcecode.swift; path = ViewController.swift; sourceTree = "<group>"; };
		5EAC12F423054B5F005472A4 /* Base */ = {isa = PBXFileReference; lastKnownFileType = file.storyboard; name = Base; path = Base.lproj/Main.storyboard; sourceTree = "<group>"; };
		5EAC12F623054B6C005472A4 /* Assets.xcassets */ = {isa = PBXFileReference; lastKnownFileType = folder.assetcatalog; path = Assets.xcassets; sourceTree = "<group>"; };
		5EAC12F923054B6C005472A4 /* Base */ = {isa = PBXFileReference; lastKnownFileType = file.storyboard; name = Base; path = Base.lproj/LaunchScreen.storyboard; sourceTree = "<group>"; };
		5EAC12FB23054B6C005472A4 /* Info.plist */ = {isa = PBXFileReference; lastKnownFileType = text.plist.xml; path = Info.plist; sourceTree = "<group>"; };
		5EAC130123057051005472A4 /* GoogleService-Info.plist */ = {isa = PBXFileReference; fileEncoding = 4; lastKnownFileType = text.plist.xml; name = "GoogleService-Info.plist"; path = "../../../../../../../../../../System/Volumes/Data/Users/user/Downloads/GoogleService-Info.plist"; sourceTree = "<group>"; };
		DD3BF706B4D0913933C9A266 /* Pods-IFeedU.release.xcconfig */ = {isa = PBXFileReference; includeInIndex = 1; lastKnownFileType = text.xcconfig; name = "Pods-IFeedU.release.xcconfig"; path = "Target Support Files/Pods-IFeedU/Pods-IFeedU.release.xcconfig"; sourceTree = "<group>"; };
/* End PBXFileReference section */

/* Begin PBXFrameworksBuildPhase section */
		5EAC12E923054B5F005472A4 /* Frameworks */ = {
			isa = PBXFrameworksBuildPhase;
			buildActionMask = 2147483647;
			files = (
				B8CD9C37A83826185BC39317 /* Pods_IFeedU.framework in Frameworks */,
			);
			runOnlyForDeploymentPostprocessing = 0;
		};
/* End PBXFrameworksBuildPhase section */

/* Begin PBXGroup section */
		5EAC12E323054B5F005472A4 = {
			isa = PBXGroup;
			children = (
				5EAC12EE23054B5F005472A4 /* IFeedU */,
				5EAC12ED23054B5F005472A4 /* Products */,
				E7E31FFA17A7D13D50C70742 /* Pods */,
				77F64124D67881AE5B4D9E77 /* Frameworks */,
			);
			sourceTree = "<group>";
		};
		5EAC12ED23054B5F005472A4 /* Products */ = {
			isa = PBXGroup;
			children = (
				5EAC12EC23054B5F005472A4 /* IFeedU.app */,
			);
			name = Products;
			sourceTree = "<group>";
		};
		5EAC12EE23054B5F005472A4 /* IFeedU */ = {
			isa = PBXGroup;
			children = (
				5EAC12EF23054B5F005472A4 /* AppDelegate.swift */,
				5EAC12F123054B5F005472A4 /* ViewController.swift */,
				5EAC12F323054B5F005472A4 /* Main.storyboard */,
				5EAC12F623054B6C005472A4 /* Assets.xcassets */,
				5EAC12F823054B6C005472A4 /* LaunchScreen.storyboard */,
				5EAC12FB23054B6C005472A4 /* Info.plist */,
				5EAC130123057051005472A4 /* GoogleService-Info.plist */,
			);
			path = IFeedU;
			sourceTree = "<group>";
		};
		77F64124D67881AE5B4D9E77 /* Frameworks */ = {
			isa = PBXGroup;
			children = (
				3334F5ECFBD6210AAF46F64B /* Pods_IFeedU.framework */,
			);
			name = Frameworks;
			sourceTree = "<group>";
		};
		E7E31FFA17A7D13D50C70742 /* Pods */ = {
			isa = PBXGroup;
			children = (
				16A56D470C7CA4D9112EEB8F /* Pods-IFeedU.debug.xcconfig */,
				DD3BF706B4D0913933C9A266 /* Pods-IFeedU.release.xcconfig */,
			);
			path = Pods;
			sourceTree = "<group>";
		};
/* End PBXGroup section */

/* Begin PBXNativeTarget section */
		5EAC12EB23054B5F005472A4 /* IFeedU */ = {
			isa = PBXNativeTarget;
			buildConfigurationList = 5EAC12FE23054B6C005472A4 /* Build configuration list for PBXNativeTarget "IFeedU" */;
			buildPhases = (
				E46FA11F4F2829E4570F75B1 /* [CP] Check Pods Manifest.lock */,
				5EAC12E823054B5F005472A4 /* Sources */,
				5EAC12E923054B5F005472A4 /* Frameworks */,
				5EAC12EA23054B5F005472A4 /* Resources */,
				EEF8F1C23797D2BBCAC6CE3D /* [CP] Embed Pods Frameworks */,
			);
			buildRules = (
			);
			dependencies = (
			);
			name = IFeedU;
			productName = IFeedU;
			productReference = 5EAC12EC23054B5F005472A4 /* IFeedU.app */;
			productType = "com.apple.product-type.application";
		};
/* End PBXNativeTarget section */

/* Begin PBXProject section */
		5EAC12E423054B5F005472A4 /* Project object */ = {
			isa = PBXProject;
			attributes = {
				LastSwiftUpdateCheck = 1030;
				LastUpgradeCheck = 1030;
				ORGANIZATIONNAME = Junhyeon;
				TargetAttributes = {
					5EAC12EB23054B5F005472A4 = {
						CreatedOnToolsVersion = 10.3;
					};
				};
			};
			buildConfigurationList = 5EAC12E723054B5F005472A4 /* Build configuration list for PBXProject "IFeedU" */;
			compatibilityVersion = "Xcode 9.3";
			developmentRegion = en;
			hasScannedForEncodings = 0;
			knownRegions = (
				en,
				Base,
			);
			mainGroup = 5EAC12E323054B5F005472A4;
			productRefGroup = 5EAC12ED23054B5F005472A4 /* Products */;
			projectDirPath = "";
			projectRoot = "";
			targets = (
				5EAC12EB23054B5F005472A4 /* IFeedU */,
			);
		};
/* End PBXProject section */

/* Begin PBXResourcesBuildPhase section */
		5EAC12EA23054B5F005472A4 /* Resources */ = {
			isa = PBXResourcesBuildPhase;
			buildActionMask = 2147483647;
			files = (
				5EAC12FA23054B6C005472A4 /* LaunchScreen.storyboard in Resources */,
				5EAC130223057051005472A4 /* GoogleService-Info.plist in Resources */,
				5EAC12F723054B6C005472A4 /* Assets.xcassets in Resources */,
				5EAC12F523054B5F005472A4 /* Main.storyboard in Resources */,
			);
			runOnlyForDeploymentPostprocessing = 0;
		};
/* End PBXResourcesBuildPhase section */

/* Begin PBXShellScriptBuildPhase section */
		E46FA11F4F2829E4570F75B1 /* [CP] Check Pods Manifest.lock */ = {
			isa = PBXShellScriptBuildPhase;
			buildActionMask = 2147483647;
			files = (
			);
			inputFileListPaths = (
			);
			inputPaths = (
				"${PODS_PODFILE_DIR_PATH}/Podfile.lock",
				"${PODS_ROOT}/Manifest.lock",
			);
			name = "[CP] Check Pods Manifest.lock";
			outputFileListPaths = (
			);
			outputPaths = (
				"$(DERIVED_FILE_DIR)/Pods-IFeedU-checkManifestLockResult.txt",
			);
			runOnlyForDeploymentPostprocessing = 0;
			shellPath = /bin/sh;
			shellScript = "diff \"${PODS_PODFILE_DIR_PATH}/Podfile.lock\" \"${PODS_ROOT}/Manifest.lock\" > /dev/null\nif [ $? != 0 ] ; then\n    # print error to STDERR\n    echo \"error: The sandbox is not in sync with the Podfile.lock. Run 'pod install' or update your CocoaPods installation.\" >&2\n    exit 1\nfi\n# This output is used by Xcode 'outputs' to avoid re-running this script phase.\necho \"SUCCESS\" > \"${SCRIPT_OUTPUT_FILE_0}\"\n";
			showEnvVarsInLog = 0;
		};
		EEF8F1C23797D2BBCAC6CE3D /* [CP] Embed Pods Frameworks */ = {
			isa = PBXShellScriptBuildPhase;
			buildActionMask = 2147483647;
			files = (
			);
			inputFileListPaths = (
				"${PODS_ROOT}/Target Support Files/Pods-IFeedU/Pods-IFeedU-frameworks-${CONFIGURATION}-input-files.xcfilelist",
			);
			name = "[CP] Embed Pods Frameworks";
			outputFileListPaths = (
				"${PODS_ROOT}/Target Support Files/Pods-IFeedU/Pods-IFeedU-frameworks-${CONFIGURATION}-output-files.xcfilelist",
			);
			runOnlyForDeploymentPostprocessing = 0;
			shellPath = /bin/sh;
			shellScript = "\"${PODS_ROOT}/Target Support Files/Pods-IFeedU/Pods-IFeedU-frameworks.sh\"\n";
			showEnvVarsInLog = 0;
		};
/* End PBXShellScriptBuildPhase section */

/* Begin PBXSourcesBuildPhase section */
		5EAC12E823054B5F005472A4 /* Sources */ = {
			isa = PBXSourcesBuildPhase;
			buildActionMask = 2147483647;
			files = (
				5EAC12F223054B5F005472A4 /* ViewController.swift in Sources */,
				5EAC12F023054B5F005472A4 /* AppDelegate.swift in Sources */,
			);
			runOnlyForDeploymentPostprocessing = 0;
		};
/* End PBXSourcesBuildPhase section */

/* Begin PBXVariantGroup section */
		5EAC12F323054B5F005472A4 /* Main.storyboard */ = {
			isa = PBXVariantGroup;
			children = (
				5EAC12F423054B5F005472A4 /* Base */,
			);
			name = Main.storyboard;
			sourceTree = "<group>";
		};
		5EAC12F823054B6C005472A4 /* LaunchScreen.storyboard */ = {
			isa = PBXVariantGroup;
			children = (
				5EAC12F923054B6C005472A4 /* Base */,
			);
			name = LaunchScreen.storyboard;
			sourceTree = "<group>";
		};
/* End PBXVariantGroup section */

/* Begin XCBuildConfiguration section */
		5EAC12FC23054B6C005472A4 /* Debug */ = {
			isa = XCBuildConfiguration;
			buildSettings = {
				ALWAYS_SEARCH_USER_PATHS = NO;
				CLANG_ANALYZER_NONNULL = YES;
				CLANG_ANALYZER_NUMBER_OBJECT_CONVERSION = YES_AGGRESSIVE;
				CLANG_CXX_LANGUAGE_STANDARD = "gnu++14";
				CLANG_CXX_LIBRARY = "libc++";
				CLANG_ENABLE_MODULES = YES;
				CLANG_ENABLE_OBJC_ARC = YES;
				CLANG_ENABLE_OBJC_WEAK = YES;
				CLANG_WARN_BLOCK_CAPTURE_AUTORELEASING = YES;
				CLANG_WARN_BOOL_CONVERSION = YES;
				CLANG_WARN_COMMA = YES;
				CLANG_WARN_CONSTANT_CONVERSION = YES;
				CLANG_WARN_DEPRECATED_OBJC_IMPLEMENTATIONS = YES;
				CLANG_WARN_DIRECT_OBJC_ISA_USAGE = YES_ERROR;
				CLANG_WARN_DOCUMENTATION_COMMENTS = YES;
				CLANG_WARN_EMPTY_BODY = YES;
				CLANG_WARN_ENUM_CONVERSION = YES;
				CLANG_WARN_INFINITE_RECURSION = YES;
				CLANG_WARN_INT_CONVERSION = YES;
				CLANG_WARN_NON_LITERAL_NULL_CONVERSION = YES;
				CLANG_WARN_OBJC_IMPLICIT_RETAIN_SELF = YES;
				CLANG_WARN_OBJC_LITERAL_CONVERSION = YES;
				CLANG_WARN_OBJC_ROOT_CLASS = YES_ERROR;
				CLANG_WARN_RANGE_LOOP_ANALYSIS = YES;
				CLANG_WARN_STRICT_PROTOTYPES = YES;
				CLANG_WARN_SUSPICIOUS_MOVE = YES;
				CLANG_WARN_UNGUARDED_AVAILABILITY = YES_AGGRESSIVE;
				CLANG_WARN_UNREACHABLE_CODE = YES;
				CLANG_WARN__DUPLICATE_METHOD_MATCH = YES;
				CODE_SIGN_IDENTITY = "iPhone Developer";
				COPY_PHASE_STRIP = NO;
				DEBUG_INFORMATION_FORMAT = dwarf;
				ENABLE_STRICT_OBJC_MSGSEND = YES;
				ENABLE_TESTABILITY = YES;
				GCC_C_LANGUAGE_STANDARD = gnu11;
				GCC_DYNAMIC_NO_PIC = NO;
				GCC_NO_COMMON_BLOCKS = YES;
				GCC_OPTIMIZATION_LEVEL = 0;
				GCC_PREPROCESSOR_DEFINITIONS = (
					"DEBUG=1",
					"$(inherited)",
				);
				GCC_WARN_64_TO_32_BIT_CONVERSION = YES;
				GCC_WARN_ABOUT_RETURN_TYPE = YES_ERROR;
				GCC_WARN_UNDECLARED_SELECTOR = YES;
				GCC_WARN_UNINITIALIZED_AUTOS = YES_AGGRESSIVE;
				GCC_WARN_UNUSED_FUNCTION = YES;
				GCC_WARN_UNUSED_VARIABLE = YES;
				IPHONEOS_DEPLOYMENT_TARGET = 12.4;
				MTL_ENABLE_DEBUG_INFO = INCLUDE_SOURCE;
				MTL_FAST_MATH = YES;
				ONLY_ACTIVE_ARCH = YES;
				SDKROOT = iphoneos;
				SWIFT_ACTIVE_COMPILATION_CONDITIONS = DEBUG;
				SWIFT_OPTIMIZATION_LEVEL = "-Onone";
			};
			name = Debug;
		};
		5EAC12FD23054B6C005472A4 /* Release */ = {
			isa = XCBuildConfiguration;
			buildSettings = {
				ALWAYS_SEARCH_USER_PATHS = NO;
				CLANG_ANALYZER_NONNULL = YES;
				CLANG_ANALYZER_NUMBER_OBJECT_CONVERSION = YES_AGGRESSIVE;
				CLANG_CXX_LANGUAGE_STANDARD = "gnu++14";
				CLANG_CXX_LIBRARY = "libc++";
				CLANG_ENABLE_MODULES = YES;
				CLANG_ENABLE_OBJC_ARC = YES;
				CLANG_ENABLE_OBJC_WEAK = YES;
				CLANG_WARN_BLOCK_CAPTURE_AUTORELEASING = YES;
				CLANG_WARN_BOOL_CONVERSION = YES;
				CLANG_WARN_COMMA = YES;
				CLANG_WARN_CONSTANT_CONVERSION = YES;
				CLANG_WARN_DEPRECATED_OBJC_IMPLEMENTATIONS = YES;
				CLANG_WARN_DIRECT_OBJC_ISA_USAGE = YES_ERROR;
				CLANG_WARN_DOCUMENTATION_COMMENTS = YES;
				CLANG_WARN_EMPTY_BODY = YES;
				CLANG_WARN_ENUM_CONVERSION = YES;
				CLANG_WARN_INFINITE_RECURSION = YES;
				CLANG_WARN_INT_CONVERSION = YES;
				CLANG_WARN_NON_LITERAL_NULL_CONVERSION = YES;
				CLANG_WARN_OBJC_IMPLICIT_RETAIN_SELF = YES;
				CLANG_WARN_OBJC_LITERAL_CONVERSION = YES;
				CLANG_WARN_OBJC_ROOT_CLASS = YES_ERROR;
				CLANG_WARN_RANGE_LOOP_ANALYSIS = YES;
				CLANG_WARN_STRICT_PROTOTYPES = YES;
				CLANG_WARN_SUSPICIOUS_MOVE = YES;
				CLANG_WARN_UNGUARDED_AVAILABILITY = YES_AGGRESSIVE;
				CLANG_WARN_UNREACHABLE_CODE = YES;
				CLANG_WARN__DUPLICATE_METHOD_MATCH = YES;
				CODE_SIGN_IDENTITY = "iPhone Developer";
				COPY_PHASE_STRIP = NO;
				DEBUG_INFORMATION_FORMAT = "dwarf-with-dsym";
				ENABLE_NS_ASSERTIONS = NO;
				ENABLE_STRICT_OBJC_MSGSEND = YES;
				GCC_C_LANGUAGE_STANDARD = gnu11;
				GCC_NO_COMMON_BLOCKS = YES;
				GCC_WARN_64_TO_32_BIT_CONVERSION = YES;
				GCC_WARN_ABOUT_RETURN_TYPE = YES_ERROR;
				GCC_WARN_UNDECLARED_SELECTOR = YES;
				GCC_WARN_UNINITIALIZED_AUTOS = YES_AGGRESSIVE;
				GCC_WARN_UNUSED_FUNCTION = YES;
				GCC_WARN_UNUSED_VARIABLE = YES;
				IPHONEOS_DEPLOYMENT_TARGET = 12.4;
				MTL_ENABLE_DEBUG_INFO = NO;
				MTL_FAST_MATH = YES;
				SDKROOT = iphoneos;
				SWIFT_COMPILATION_MODE = wholemodule;
				SWIFT_OPTIMIZATION_LEVEL = "-O";
				VALIDATE_PRODUCT = YES;
			};
			name = Release;
		};
		5EAC12FF23054B6C005472A4 /* Debug */ = {
			isa = XCBuildConfiguration;
			baseConfigurationReference = 16A56D470C7CA4D9112EEB8F /* Pods-IFeedU.debug.xcconfig */;
			buildSettings = {
				ASSETCATALOG_COMPILER_APPICON_NAME = AppIcon;
				CODE_SIGN_IDENTITY = "iPhone Developer";
				CODE_SIGN_STYLE = Automatic;
				DEVELOPMENT_TEAM = 78A867AHKF;
				INFOPLIST_FILE = IFeedU/Info.plist;
				LD_RUNPATH_SEARCH_PATHS = (
					"$(inherited)",
					"@executable_path/Frameworks",
				);
				PRODUCT_BUNDLE_IDENTIFIER = skhu.ac.kr.IFeedU;
				PRODUCT_NAME = "$(TARGET_NAME)";
				PROVISIONING_PROFILE_SPECIFIER = "";
				SWIFT_VERSION = 5.0;
				TARGETED_DEVICE_FAMILY = 1;
			};
			name = Debug;
		};
		5EAC130023054B6C005472A4 /* Release */ = {
			isa = XCBuildConfiguration;
			baseConfigurationReference = DD3BF706B4D0913933C9A266 /* Pods-IFeedU.release.xcconfig */;
			buildSettings = {
				ASSETCATALOG_COMPILER_APPICON_NAME = AppIcon;
				CODE_SIGN_IDENTITY = "iPhone Developer";
				CODE_SIGN_STYLE = Automatic;
				DEVELOPMENT_TEAM = 78A867AHKF;
				INFOPLIST_FILE = IFeedU/Info.plist;
				LD_RUNPATH_SEARCH_PATHS = (
					"$(inherited)",
					"@executable_path/Frameworks",
				);
				PRODUCT_BUNDLE_IDENTIFIER = skhu.ac.kr.IFeedU;
				PRODUCT_NAME = "$(TARGET_NAME)";
				PROVISIONING_PROFILE_SPECIFIER = "";
				SWIFT_VERSION = 5.0;
				TARGETED_DEVICE_FAMILY = 1;
			};
			name = Release;
		};
/* End XCBuildConfiguration section */

/* Begin XCConfigurationList section */
		5EAC12E723054B5F005472A4 /* Build configuration list for PBXProject "IFeedU" */ = {
			isa = XCConfigurationList;
			buildConfigurations = (
				5EAC12FC23054B6C005472A4 /* Debug */,
				5EAC12FD23054B6C005472A4 /* Release */,
			);
			defaultConfigurationIsVisible = 0;
			defaultConfigurationName = Release;
		};
		5EAC12FE23054B6C005472A4 /* Build configuration list for PBXNativeTarget "IFeedU" */ = {
			isa = XCConfigurationList;
			buildConfigurations = (
				5EAC12FF23054B6C005472A4 /* Debug */,
				5EAC130023054B6C005472A4 /* Release */,
			);
			defaultConfigurationIsVisible = 0;
			defaultConfigurationName = Release;
		};
/* End XCConfigurationList section */
	};
	rootObject = 5EAC12E423054B5F005472A4 /* Project object */;
}
